{
  "nodes": {
    "crane": {
      "inputs": {
        "nixpkgs": [
          "nixpkgs"
        ]
      },
      "locked": {
        "lastModified": 1702956644,
        "narHash": "sha256-6XxZSkhb/OkxIx705RHTTLYZ2qemmEC7tODD8f21gKw=",
        "owner": "ipetkov",
        "repo": "crane",
        "rev": "537ebb11db883f9076e37d83e3c7ee69a4abb48c",
        "type": "github"
      },
      "original": {
        "owner": "ipetkov",
        "repo": "crane",
        "type": "github"
      }
    },
    "flake-utils": {
      "inputs": {
        "systems": "systems"
      },
      "locked": {
        "lastModified": 1701680307,
        "narHash": "sha256-kAuep2h5ajznlPMD9rnQyffWG8EM/C73lejGofXvdM8=",
        "owner": "numtide",
        "repo": "flake-utils",
        "rev": "4022d587cbbfd70fe950c1e2083a02621806a725",
        "type": "github"
      },
      "original": {
        "owner": "numtide",
        "repo": "flake-utils",
        "type": "github"
      }
    },
    "nixpkgs": {
      "locked": {
        "lastModified": 1702900294,
        "narHash": "sha256-pt7sSoJYNw3n8YtXw0Z/Nnr6/PfY2YrjDvqboErXnRM=",
        "owner": "NixOS",
        "repo": "nixpkgs",
        "rev": "886c9aee6ca9324e127f9c2c4e6f68c2641c8256",
        "type": "github"
      },
      "original": {
        "owner": "NixOS",
        "ref": "nixpkgs-unstable",
        "repo": "nixpkgs",
        "type": "github"
      }
    },
    "nixpkgs-for-wasm-bindgen": {
      "locked": {
        "lastModified": 1691495139,
        "narHash": "sha256-+zZIRTtXlA8gN8HPzczphPnB9L+yYpidBmFxKqWQy+A=",
        "owner": "NixOS",
        "repo": "nixpkgs",
        "rev": "4e6868b1aa3766ab1de169922bb3826143941973",
        "type": "github"
      },
      "original": {
        "owner": "NixOS",
        "repo": "nixpkgs",
        "rev": "4e6868b1aa3766ab1de169922bb3826143941973",
        "type": "github"
      }
    },
    "root": {
      "inputs": {
        "crane": "crane",
        "flake-utils": "flake-utils",
        "nixpkgs": "nixpkgs",
        "nixpkgs-for-wasm-bindgen": "nixpkgs-for-wasm-bindgen",
        "rust-overlay": "rust-overlay"
      }
    },
    "rust-overlay": {
      "inputs": {
        "flake-utils": [
          "flake-utils"
        ],
        "nixpkgs": [
          "nixpkgs"
        ]
      },
      "locked": {
        "lastModified": 1702952173,
        "narHash": "sha256-24kUnTZgXP5B/fs1/f61tJuHyFrJ8824rn1B/0hL1og=",
        "owner": "oxalica",
        "repo": "rust-overlay",
        "rev": "20fd62b0891707a1db8117d09fc3e65a1cd0f6d7",
        "type": "github"
      },
      "original": {
        "owner": "oxalica",
        "repo": "rust-overlay",
        "type": "github"
      }
    },
    "systems": {
      "locked": {
        "lastModified": 1681028828,
        "narHash": "sha256-Vy1rq5AaRuLzOxct8nz4T6wlgyUR7zLU309k9mBC768=",
        "owner": "nix-systems",
        "repo": "default",
        "rev": "da67096a3b9bf56a91d16901293e51ba5b49a27e",
        "type": "github"
      },
      "original": {
        "owner": "nix-systems",
        "repo": "default",
        "type": "github"
      }
    }
  },
  "root": "root",
  "version": 7
}
